
Microsoft Visual Studio Solution File, Format Version 12.00
# Visual Studio Version 17
VisualStudioVersion = 17.5.33530.505
MinimumVisualStudioVersion = 10.0.40219.1
Project("{8BC9CEB8-8B4A-11D0-8D11-00A0C91BC942}") = "HSRSimulator", "HSRSimulator.vcxproj", "{62DB90D5-A42B-494A-B034-13AE344033AC}"
EndProject
Global
	GlobalSection(SolutionConfigurationPlatforms) = preSolution
		Debug|x64 = Debug|x64
		Debug|x86 = Debug|x86
		Release|x64 = Release|x64
		Release|x86 = Release|x86
	EndGlobalSection
	GlobalSection(ProjectConfigurationPlatforms) = postSolution
		{62DB90D5-A42B-494A-B034-13AE344033AC}.Debug|x64.ActiveCfg = Debug|x64
		{62DB90D5-A42B-494A-B034-13AE344033AC}.Debug|x64.Build.0 = Debug|x64
		{62DB90D5-A42B-494A-B034-13AE344033AC}.Debug|x86.ActiveCfg = Debug|Win32
		{62DB90D5-A42B-494A-B034-13AE344033AC}.Debug|x86.Build.0 = Debug|Win32
		{62DB90D5-A42B-494A-B034-13AE344033AC}.Release|x64.ActiveCfg = Release|x64
		{62DB90D5-A42B-494A-B034-13AE344033AC}.Release|x64.Build.0 = Release|x64
		{62DB90D5-A42B-494A-B034-13AE344033AC}.Release|x86.ActiveCfg = Release|Win32
		{62DB90D5-A42B-494A-B034-13AE344033AC}.Release|x86.Build.0 = Release|Win32
	EndGlobalSection
	GlobalSection(SolutionProperties) = preSolution
		HideSolutionNode = FALSE
	EndGlobalSection
	GlobalSection(ExtensibilityGlobals) = postSolution
		SolutionGuid = {AB0E3242-630F-45BA-A1E2-7035F6EA8323}
	EndGlobalSection
EndGlobal
